
Microsoft Visual Studio Solution File, Format Version 12.00
# Visual Studio Version 16
VisualStudioVersion = 16.0.29215.179
MinimumVisualStudioVersion = 10.0.40219.1
Project("{FAE04EC0-301F-11D3-BF4B-00C04F79EFBC}") = "SwabianWPFChallenge", "SwabianWPFChallenge\SwabianWPFChallenge.csproj", "{0F5B4ECB-B6DE-4DFE-965A-DB50194A90A2}"
EndProject
Project("{FAE04EC0-301F-11D3-BF4B-00C04F79EFBC}") = "ChallengeUnitTest", "ChallengeUnitTest\ChallengeUnitTest.csproj", "{EB5C3C55-749D-476A-9B7E-4FEAEA9B52D3}"
EndProject
Global
	GlobalSection(SolutionConfigurationPlatforms) = preSolution
		Debug|Any CPU = Debug|Any CPU
		Release|Any CPU = Release|Any CPU
	EndGlobalSection
	GlobalSection(ProjectConfigurationPlatforms) = postSolution
		{0F5B4ECB-B6DE-4DFE-965A-DB50194A90A2}.Debug|Any CPU.ActiveCfg = Debug|Any CPU
		{0F5B4ECB-B6DE-4DFE-965A-DB50194A90A2}.Debug|Any CPU.Build.0 = Debug|Any CPU
		{0F5B4ECB-B6DE-4DFE-965A-DB50194A90A2}.Release|Any CPU.ActiveCfg = Release|Any CPU
		{0F5B4ECB-B6DE-4DFE-965A-DB50194A90A2}.Release|Any CPU.Build.0 = Release|Any CPU
		{EB5C3C55-749D-476A-9B7E-4FEAEA9B52D3}.Debug|Any CPU.ActiveCfg = Debug|Any CPU
		{EB5C3C55-749D-476A-9B7E-4FEAEA9B52D3}.Debug|Any CPU.Build.0 = Debug|Any CPU
		{EB5C3C55-749D-476A-9B7E-4FEAEA9B52D3}.Release|Any CPU.ActiveCfg = Release|Any CPU
		{EB5C3C55-749D-476A-9B7E-4FEAEA9B52D3}.Release|Any CPU.Build.0 = Release|Any CPU
	EndGlobalSection
	GlobalSection(SolutionProperties) = preSolution
		HideSolutionNode = FALSE
	EndGlobalSection
	GlobalSection(ExtensibilityGlobals) = postSolution
		SolutionGuid = {832F498F-E65F-4203-A7D8-354A3736538A}
	EndGlobalSection
EndGlobal
